
Microsoft Visual Studio Solution File, Format Version 12.00
# Visual Studio Version 17
VisualStudioVersion = 17.5.33627.172
MinimumVisualStudioVersion = 10.0.40219.1
Project("{2150E333-8FDC-42A3-9474-1A3956D46DE8}") = "Services", "Services", "{1DBD246A-63BE-4226-A302-3FAC4F20E42F}"
EndProject
Project("{2150E333-8FDC-42A3-9474-1A3956D46DE8}") = "Catalog", "Catalog", "{C89D30A9-02A4-43FD-95E6-FF6CAE07994C}"
EndProject
Project("{FAE04EC0-301F-11D3-BF4B-00C04F79EFBC}") = "Catalog.API", "Services\Catalog\Catalog.API\Catalog.API.csproj", "{09BC6B4E-992D-41AD-96C7-4BDA5AA7D64A}"
EndProject
Global
	GlobalSection(SolutionConfigurationPlatforms) = preSolution
		Debug|Any CPU = Debug|Any CPU
		Release|Any CPU = Release|Any CPU
	EndGlobalSection
	GlobalSection(ProjectConfigurationPlatforms) = postSolution
		{09BC6B4E-992D-41AD-96C7-4BDA5AA7D64A}.Debug|Any CPU.ActiveCfg = Debug|Any CPU
		{09BC6B4E-992D-41AD-96C7-4BDA5AA7D64A}.Debug|Any CPU.Build.0 = Debug|Any CPU
		{09BC6B4E-992D-41AD-96C7-4BDA5AA7D64A}.Release|Any CPU.ActiveCfg = Release|Any CPU
		{09BC6B4E-992D-41AD-96C7-4BDA5AA7D64A}.Release|Any CPU.Build.0 = Release|Any CPU
	EndGlobalSection
	GlobalSection(SolutionProperties) = preSolution
		HideSolutionNode = FALSE
	EndGlobalSection
	GlobalSection(NestedProjects) = preSolution
		{C89D30A9-02A4-43FD-95E6-FF6CAE07994C} = {1DBD246A-63BE-4226-A302-3FAC4F20E42F}
		{09BC6B4E-992D-41AD-96C7-4BDA5AA7D64A} = {C89D30A9-02A4-43FD-95E6-FF6CAE07994C}
	EndGlobalSection
	GlobalSection(ExtensibilityGlobals) = postSolution
		SolutionGuid = {511A47DB-354A-465F-8814-87BFB95641B7}
	EndGlobalSection
EndGlobal
